// !$*UTF8*$!
{
	archiveVersion = 1;
	classes = {
	};
	objectVersion = 48;
	objects = {

/* Begin PBXBuildFile section */
		F93F7F092005AEBF0076F7C2 /* AppDelegate.swift in Sources */ = {isa = PBXBuildFile; fileRef = F93F7F082005AEBF0076F7C2 /* AppDelegate.swift */; };
		F93F7F0B2005AEBF0076F7C2 /* ViewController.swift in Sources */ = {isa = PBXBuildFile; fileRef = F93F7F0A2005AEBF0076F7C2 /* ViewController.swift */; };
		F93F7F0E2005AEBF0076F7C2 /* Main.storyboard in Resources */ = {isa = PBXBuildFile; fileRef = F93F7F0C2005AEBF0076F7C2 /* Main.storyboard */; };
		F93F7F102005AEBF0076F7C2 /* Assets.xcassets in Resources */ = {isa = PBXBuildFile; fileRef = F93F7F0F2005AEBF0076F7C2 /* Assets.xcassets */; };
		F93F7F132005AEBF0076F7C2 /* LaunchScreen.storyboard in Resources */ = {isa = PBXBuildFile; fileRef = F93F7F112005AEBF0076F7C2 /* LaunchScreen.storyboard */; };
		F93F7F1E2005AEC00076F7C2 /* iosAppTests.swift in Sources */ = {isa = PBXBuildFile; fileRef = F93F7F1D2005AEC00076F7C2 /* iosAppTests.swift */; };
		F93F7F292005AEC00076F7C2 /* iosAppUITests.swift in Sources */ = {isa = PBXBuildFile; fileRef = F93F7F282005AEC00076F7C2 /* iosAppUITests.swift */; };
/* End PBXBuildFile section */

/* Begin PBXContainerItemProxy section */
		F93F7F1A2005AEC00076F7C2 /* PBXContainerItemProxy */ = {
			isa = PBXContainerItemProxy;
			containerPortal = F93F7EFD2005AEBF0076F7C2 /* Project object */;
			proxyType = 1;
			remoteGlobalIDString = F93F7F042005AEBF0076F7C2;
			remoteInfo = iosApp;
		};
		F93F7F252005AEC00076F7C2 /* PBXContainerItemProxy */ = {
			isa = PBXContainerItemProxy;
			containerPortal = F93F7EFD2005AEBF0076F7C2 /* Project object */;
			proxyType = 1;
			remoteGlobalIDString = F93F7F042005AEBF0076F7C2;
			remoteInfo = iosApp;
		};
/* End PBXContainerItemProxy section */

/* Begin PBXFileReference section */
		F93F7F052005AEBF0076F7C2 /* iosApp.app */ = {isa = PBXFileReference; explicitFileType = wrapper.application; includeInIndex = 0; path = iosApp.app; sourceTree = BUILT_PRODUCTS_DIR; };
		F93F7F082005AEBF0076F7C2 /* AppDelegate.swift */ = {isa = PBXFileReference; lastKnownFileType = sourcecode.swift; path = AppDelegate.swift; sourceTree = "<group>"; };
		F93F7F0A2005AEBF0076F7C2 /* ViewController.swift */ = {isa = PBXFileReference; lastKnownFileType = sourcecode.swift; path = ViewController.swift; sourceTree = "<group>"; };
		F93F7F0D2005AEBF0076F7C2 /* Base */ = {isa = PBXFileReference; lastKnownFileType = file.storyboard; name = Base; path = Base.lproj/Main.storyboard; sourceTree = "<group>"; };
		F93F7F0F2005AEBF0076F7C2 /* Assets.xcassets */ = {isa = PBXFileReference; lastKnownFileType = folder.assetcatalog; path = Assets.xcassets; sourceTree = "<group>"; };
		F93F7F122005AEBF0076F7C2 /* Base */ = {isa = PBXFileReference; lastKnownFileType = file.storyboard; name = Base; path = Base.lproj/LaunchScreen.storyboard; sourceTree = "<group>"; };
		F93F7F142005AEBF0076F7C2 /* Info.plist */ = {isa = PBXFileReference; lastKnownFileType = text.plist.xml; path = Info.plist; sourceTree = "<group>"; };
		F93F7F192005AEC00076F7C2 /* iosAppTests.xctest */ = {isa = PBXFileReference; explicitFileType = wrapper.cfbundle; includeInIndex = 0; path = iosAppTests.xctest; sourceTree = BUILT_PRODUCTS_DIR; };
		F93F7F1D2005AEC00076F7C2 /* iosAppTests.swift */ = {isa = PBXFileReference; lastKnownFileType = sourcecode.swift; path = iosAppTests.swift; sourceTree = "<group>"; };
		F93F7F1F2005AEC00076F7C2 /* Info.plist */ = {isa = PBXFileReference; lastKnownFileType = text.plist.xml; path = Info.plist; sourceTree = "<group>"; };
		F93F7F242005AEC00076F7C2 /* iosAppUITests.xctest */ = {isa = PBXFileReference; explicitFileType = wrapper.cfbundle; includeInIndex = 0; path = iosAppUITests.xctest; sourceTree = BUILT_PRODUCTS_DIR; };
		F93F7F282005AEC00076F7C2 /* iosAppUITests.swift */ = {isa = PBXFileReference; lastKnownFileType = sourcecode.swift; path = iosAppUITests.swift; sourceTree = "<group>"; };
		F93F7F2A2005AEC00076F7C2 /* Info.plist */ = {isa = PBXFileReference; lastKnownFileType = text.plist.xml; path = Info.plist; sourceTree = "<group>"; };
/* End PBXFileReference section */

/* Begin PBXFrameworksBuildPhase section */
		F93F7F022005AEBF0076F7C2 /* Frameworks */ = {
			isa = PBXFrameworksBuildPhase;
			buildActionMask = 2147483647;
			files = (
			);
			runOnlyForDeploymentPostprocessing = 0;
		};
		F93F7F162005AEC00076F7C2 /* Frameworks */ = {
			isa = PBXFrameworksBuildPhase;
			buildActionMask = 2147483647;
			files = (
			);
			runOnlyForDeploymentPostprocessing = 0;
		};
		F93F7F212005AEC00076F7C2 /* Frameworks */ = {
			isa = PBXFrameworksBuildPhase;
			buildActionMask = 2147483647;
			files = (
			);
			runOnlyForDeploymentPostprocessing = 0;
		};
/* End PBXFrameworksBuildPhase section */

/* Begin PBXGroup section */
		F93F7EFC2005AEBF0076F7C2 = {
			isa = PBXGroup;
			children = (
				F93F7F072005AEBF0076F7C2 /* iosApp */,
				F93F7F1C2005AEC00076F7C2 /* iosAppTests */,
				F93F7F272005AEC00076F7C2 /* iosAppUITests */,
				F93F7F062005AEBF0076F7C2 /* Products */,
			);
			sourceTree = "<group>";
		};
		F93F7F062005AEBF0076F7C2 /* Products */ = {
			isa = PBXGroup;
			children = (
				F93F7F052005AEBF0076F7C2 /* iosApp.app */,
				F93F7F192005AEC00076F7C2 /* iosAppTests.xctest */,
				F93F7F242005AEC00076F7C2 /* iosAppUITests.xctest */,
			);
			name = Products;
			sourceTree = "<group>";
		};
		F93F7F072005AEBF0076F7C2 /* iosApp */ = {
			isa = PBXGroup;
			children = (
				F93F7F082005AEBF0076F7C2 /* AppDelegate.swift */,
				F93F7F0A2005AEBF0076F7C2 /* ViewController.swift */,
				F93F7F0C2005AEBF0076F7C2 /* Main.storyboard */,
				F93F7F0F2005AEBF0076F7C2 /* Assets.xcassets */,
				F93F7F112005AEBF0076F7C2 /* LaunchScreen.storyboard */,
				F93F7F142005AEBF0076F7C2 /* Info.plist */,
			);
			path = iosApp;
			sourceTree = "<group>";
		};
		F93F7F1C2005AEC00076F7C2 /* iosAppTests */ = {
			isa = PBXGroup;
			children = (
				F93F7F1D2005AEC00076F7C2 /* iosAppTests.swift */,
				F93F7F1F2005AEC00076F7C2 /* Info.plist */,
			);
			path = iosAppTests;
			sourceTree = "<group>";
		};
		F93F7F272005AEC00076F7C2 /* iosAppUITests */ = {
			isa = PBXGroup;
			children = (
				F93F7F282005AEC00076F7C2 /* iosAppUITests.swift */,
				F93F7F2A2005AEC00076F7C2 /* Info.plist */,
			);
			path = iosAppUITests;
			sourceTree = "<group>";
		};
/* End PBXGroup section */

/* Begin PBXNativeTarget section */
		F93F7F042005AEBF0076F7C2 /* iosApp */ = {
			isa = PBXNativeTarget;
			buildConfigurationList = F93F7F2D2005AEC00076F7C2 /* Build configuration list for PBXNativeTarget "iosApp" */;
			buildPhases = (
				F93F7F012005AEBF0076F7C2 /* Sources */,
				F93F7F022005AEBF0076F7C2 /* Frameworks */,
				F93F7F032005AEBF0076F7C2 /* Resources */,
			);
			buildRules = (
			);
			dependencies = (
			);
			name = iosApp;
			productName = iosApp;
			productReference = F93F7F052005AEBF0076F7C2 /* iosApp.app */;
			productType = "com.apple.product-type.application";
		};
		F93F7F182005AEC00076F7C2 /* iosAppTests */ = {
			isa = PBXNativeTarget;
			buildConfigurationList = F93F7F302005AEC00076F7C2 /* Build configuration list for PBXNativeTarget "iosAppTests" */;
			buildPhases = (
				F93F7F152005AEC00076F7C2 /* Sources */,
				F93F7F162005AEC00076F7C2 /* Frameworks */,
				F93F7F172005AEC00076F7C2 /* Resources */,
			);
			buildRules = (
			);
			dependencies = (
				F93F7F1B2005AEC00076F7C2 /* PBXTargetDependency */,
			);
			name = iosAppTests;
			productName = iosAppTests;
			productReference = F93F7F192005AEC00076F7C2 /* iosAppTests.xctest */;
			productType = "com.apple.product-type.bundle.unit-test";
		};
		F93F7F232005AEC00076F7C2 /* iosAppUITests */ = {
			isa = PBXNativeTarget;
			buildConfigurationList = F93F7F332005AEC00076F7C2 /* Build configuration list for PBXNativeTarget "iosAppUITests" */;
			buildPhases = (
				F93F7F202005AEC00076F7C2 /* Sources */,
				F93F7F212005AEC00076F7C2 /* Frameworks */,
				F93F7F222005AEC00076F7C2 /* Resources */,
			);
			buildRules = (
			);
			dependencies = (
				F93F7F262005AEC00076F7C2 /* PBXTargetDependency */,
			);
			name = iosAppUITests;
			productName = iosAppUITests;
			productReference = F93F7F242005AEC00076F7C2 /* iosAppUITests.xctest */;
			productType = "com.apple.product-type.bundle.ui-testing";
		};
/* End PBXNativeTarget section */

/* Begin PBXProject section */
		F93F7EFD2005AEBF0076F7C2 /* Project object */ = {
			isa = PBXProject;
			attributes = {
				LastSwiftUpdateCheck = 0920;
				LastUpgradeCheck = 0920;
				ORGANIZATIONNAME = "Omar Ihmoda";
				TargetAttributes = {
					F93F7F042005AEBF0076F7C2 = {
						CreatedOnToolsVersion = 9.2;
						ProvisioningStyle = Automatic;
					};
					F93F7F182005AEC00076F7C2 = {
						CreatedOnToolsVersion = 9.2;
						ProvisioningStyle = Automatic;
						TestTargetID = F93F7F042005AEBF0076F7C2;
					};
					F93F7F232005AEC00076F7C2 = {
						CreatedOnToolsVersion = 9.2;
						ProvisioningStyle = Automatic;
						TestTargetID = F93F7F042005AEBF0076F7C2;
					};
				};
			};
			buildConfigurationList = F93F7F002005AEBF0076F7C2 /* Build configuration list for PBXProject "iosApp" */;
			compatibilityVersion = "Xcode 8.0";
			developmentRegion = en;
			hasScannedForEncodings = 0;
			knownRegions = (
				en,
				Base,
			);
			mainGroup = F93F7EFC2005AEBF0076F7C2;
			productRefGroup = F93F7F062005AEBF0076F7C2 /* Products */;
			projectDirPath = "";
			projectRoot = "";
			targets = (
				F93F7F042005AEBF0076F7C2 /* iosApp */,
				F93F7F182005AEC00076F7C2 /* iosAppTests */,
				F93F7F232005AEC00076F7C2 /* iosAppUITests */,
			);
		};
/* End PBXProject section */

/* Begin PBXResourcesBuildPhase section */
		F93F7F032005AEBF0076F7C2 /* Resources */ = {
			isa = PBXResourcesBuildPhase;
			buildActionMask = 2147483647;
			files = (
				F93F7F132005AEBF0076F7C2 /* LaunchScreen.storyboard in Resources */,
				F93F7F102005AEBF0076F7C2 /* Assets.xcassets in Resources */,
				F93F7F0E2005AEBF0076F7C2 /* Main.storyboard in Resources */,
			);
			runOnlyForDeploymentPostprocessing = 0;
		};
		F93F7F172005AEC00076F7C2 /* Resources */ = {
			isa = PBXResourcesBuildPhase;
			buildActionMask = 2147483647;
			files = (
			);
			runOnlyForDeploymentPostprocessing = 0;
		};
		F93F7F222005AEC00076F7C2 /* Resources */ = {
			isa = PBXResourcesBuildPhase;
			buildActionMask = 2147483647;
			files = (
			);
			runOnlyForDeploymentPostprocessing = 0;
		};
/* End PBXResourcesBuildPhase section */

/* Begin PBXSourcesBuildPhase section */
		F93F7F012005AEBF0076F7C2 /* Sources */ = {
			isa = PBXSourcesBuildPhase;
			buildActionMask = 2147483647;
			files = (
				F93F7F0B2005AEBF0076F7C2 /* ViewController.swift in Sources */,
				F93F7F092005AEBF0076F7C2 /* AppDelegate.swift in Sources */,
			);
			runOnlyForDeploymentPostprocessing = 0;
		};
		F93F7F152005AEC00076F7C2 /* Sources */ = {
			isa = PBXSourcesBuildPhase;
			buildActionMask = 2147483647;
			files = (
				F93F7F1E2005AEC00076F7C2 /* iosAppTests.swift in Sources */,
			);
			runOnlyForDeploymentPostprocessing = 0;
		};
		F93F7F202005AEC00076F7C2 /* Sources */ = {
			isa = PBXSourcesBuildPhase;
			buildActionMask = 2147483647;
			files = (
				F93F7F292005AEC00076F7C2 /* iosAppUITests.swift in Sources */,
			);
			runOnlyForDeploymentPostprocessing = 0;
		};
/* End PBXSourcesBuildPhase section */

/* Begin PBXTargetDependency section */
		F93F7F1B2005AEC00076F7C2 /* PBXTargetDependency */ = {
			isa = PBXTargetDependency;
			target = F93F7F042005AEBF0076F7C2 /* iosApp */;
			targetProxy = F93F7F1A2005AEC00076F7C2 /* PBXContainerItemProxy */;
		};
		F93F7F262005AEC00076F7C2 /* PBXTargetDependency */ = {
			isa = PBXTargetDependency;
			target = F93F7F042005AEBF0076F7C2 /* iosApp */;
			targetProxy = F93F7F252005AEC00076F7C2 /* PBXContainerItemProxy */;
		};
/* End PBXTargetDependency section */

/* Begin PBXVariantGroup section */
		F93F7F0C2005AEBF0076F7C2 /* Main.storyboard */ = {
			isa = PBXVariantGroup;
			children = (
				F93F7F0D2005AEBF0076F7C2 /* Base */,
			);
			name = Main.storyboard;
			sourceTree = "<group>";
		};
		F93F7F112005AEBF0076F7C2 /* LaunchScreen.storyboard */ = {
			isa = PBXVariantGroup;
			children = (
				F93F7F122005AEBF0076F7C2 /* Base */,
			);
			name = LaunchScreen.storyboard;
			sourceTree = "<group>";
		};
/* End PBXVariantGroup section */

/* Begin XCBuildConfiguration section */
		F93F7F2B2005AEC00076F7C2 /* Debug */ = {
			isa = XCBuildConfiguration;
			buildSettings = {
				ALWAYS_SEARCH_USER_PATHS = NO;
				CLANG_ANALYZER_NONNULL = YES;
				CLANG_ANALYZER_NUMBER_OBJECT_CONVERSION = YES_AGGRESSIVE;
				CLANG_CXX_LANGUAGE_STANDARD = "gnu++14";
				CLANG_CXX_LIBRARY = "libc++";
				CLANG_ENABLE_MODULES = YES;
				CLANG_ENABLE_OBJC_ARC = YES;
				CLANG_WARN_BLOCK_CAPTURE_AUTORELEASING = YES;
				CLANG_WARN_BOOL_CONVERSION = YES;
				CLANG_WARN_COMMA = YES;
				CLANG_WARN_CONSTANT_CONVERSION = YES;
				CLANG_WARN_DIRECT_OBJC_ISA_USAGE = YES_ERROR;
				CLANG_WARN_DOCUMENTATION_COMMENTS = YES;
				CLANG_WARN_EMPTY_BODY = YES;
				CLANG_WARN_ENUM_CONVERSION = YES;
				CLANG_WARN_INFINITE_RECURSION = YES;
				CLANG_WARN_INT_CONVERSION = YES;
				CLANG_WARN_NON_LITERAL_NULL_CONVERSION = YES;
				CLANG_WARN_OBJC_LITERAL_CONVERSION = YES;
				CLANG_WARN_OBJC_ROOT_CLASS = YES_ERROR;
				CLANG_WARN_RANGE_LOOP_ANALYSIS = YES;
				CLANG_WARN_STRICT_PROTOTYPES = YES;
				CLANG_WARN_SUSPICIOUS_MOVE = YES;
				CLANG_WARN_UNGUARDED_AVAILABILITY = YES_AGGRESSIVE;
				CLANG_WARN_UNREACHABLE_CODE = YES;
				CLANG_WARN__DUPLICATE_METHOD_MATCH = YES;
				CODE_SIGN_IDENTITY = "iPhone Developer";
				COPY_PHASE_STRIP = NO;
				DEBUG_INFORMATION_FORMAT = dwarf;
				ENABLE_STRICT_OBJC_MSGSEND = YES;
				ENABLE_TESTABILITY = YES;
				GCC_C_LANGUAGE_STANDARD = gnu11;
				GCC_DYNAMIC_NO_PIC = NO;
				GCC_NO_COMMON_BLOCKS = YES;
				GCC_OPTIMIZATION_LEVEL = 0;
				GCC_PREPROCESSOR_DEFINITIONS = (
					"DEBUG=1",
					"$(inherited)",
				);
				GCC_WARN_64_TO_32_BIT_CONVERSION = YES;
				GCC_WARN_ABOUT_RETURN_TYPE = YES_ERROR;
				GCC_WARN_UNDECLARED_SELECTOR = YES;
				GCC_WARN_UNINITIALIZED_AUTOS = YES_AGGRESSIVE;
				GCC_WARN_UNUSED_FUNCTION = YES;
				GCC_WARN_UNUSED_VARIABLE = YES;
				IPHONEOS_DEPLOYMENT_TARGET = 11.2;
				MTL_ENABLE_DEBUG_INFO = YES;
				ONLY_ACTIVE_ARCH = YES;
				SDKROOT = iphoneos;
				SWIFT_ACTIVE_COMPILATION_CONDITIONS = DEBUG;
				SWIFT_OPTIMIZATION_LEVEL = "-Onone";
			};
			name = Debug;
		};
		F93F7F2C2005AEC00076F7C2 /* Release */ = {
			isa = XCBuildConfiguration;
			buildSettings = {
				ALWAYS_SEARCH_USER_PATHS = NO;
				CLANG_ANALYZER_NONNULL = YES;
				CLANG_ANALYZER_NUMBER_OBJECT_CONVERSION = YES_AGGRESSIVE;
				CLANG_CXX_LANGUAGE_STANDARD = "gnu++14";
				CLANG_CXX_LIBRARY = "libc++";
				CLANG_ENABLE_MODULES = YES;
				CLANG_ENABLE_OBJC_ARC = YES;
				CLANG_WARN_BLOCK_CAPTURE_AUTORELEASING = YES;
				CLANG_WARN_BOOL_CONVERSION = YES;
				CLANG_WARN_COMMA = YES;
				CLANG_WARN_CONSTANT_CONVERSION = YES;
				CLANG_WARN_DIRECT_OBJC_ISA_USAGE = YES_ERROR;
				CLANG_WARN_DOCUMENTATION_COMMENTS = YES;
				CLANG_WARN_EMPTY_BODY = YES;
				CLANG_WARN_ENUM_CONVERSION = YES;
				CLANG_WARN_INFINITE_RECURSION = YES;
				CLANG_WARN_INT_CONVERSION = YES;
				CLANG_WARN_NON_LITERAL_NULL_CONVERSION = YES;
				CLANG_WARN_OBJC_LITERAL_CONVERSION = YES;
				CLANG_WARN_OBJC_ROOT_CLASS = YES_ERROR;
				CLANG_WARN_RANGE_LOOP_ANALYSIS = YES;
				CLANG_WARN_STRICT_PROTOTYPES = YES;
				CLANG_WARN_SUSPICIOUS_MOVE = YES;
				CLANG_WARN_UNGUARDED_AVAILABILITY = YES_AGGRESSIVE;
				CLANG_WARN_UNREACHABLE_CODE = YES;
				CLANG_WARN__DUPLICATE_METHOD_MATCH = YES;
				CODE_SIGN_IDENTITY = "iPhone Developer";
				COPY_PHASE_STRIP = NO;
				DEBUG_INFORMATION_FORMAT = "dwarf-with-dsym";
				ENABLE_NS_ASSERTIONS = NO;
				ENABLE_STRICT_OBJC_MSGSEND = YES;
				GCC_C_LANGUAGE_STANDARD = gnu11;
				GCC_NO_COMMON_BLOCKS = YES;
				GCC_WARN_64_TO_32_BIT_CONVERSION = YES;
				GCC_WARN_ABOUT_RETURN_TYPE = YES_ERROR;
				GCC_WARN_UNDECLARED_SELECTOR = YES;
				GCC_WARN_UNINITIALIZED_AUTOS = YES_AGGRESSIVE;
				GCC_WARN_UNUSED_FUNCTION = YES;
				GCC_WARN_UNUSED_VARIABLE = YES;
				IPHONEOS_DEPLOYMENT_TARGET = 11.2;
				MTL_ENABLE_DEBUG_INFO = NO;
				SDKROOT = iphoneos;
				SWIFT_OPTIMIZATION_LEVEL = "-Owholemodule";
				VALIDATE_PRODUCT = YES;
			};
			name = Release;
		};
		F93F7F2E2005AEC00076F7C2 /* Debug */ = {
			isa = XCBuildConfiguration;
			buildSettings = {
				ASSETCATALOG_COMPILER_APPICON_NAME = AppIcon;
				CODE_SIGN_STYLE = Automatic;
				INFOPLIST_FILE = iosApp/Info.plist;
				LD_RUNPATH_SEARCH_PATHS = "$(inherited) @executable_path/Frameworks";
				PRODUCT_BUNDLE_IDENTIFIER = com.iOSQuiz.iosApp;
				PRODUCT_NAME = "$(TARGET_NAME)";
				SWIFT_VERSION = 4.0;
				TARGETED_DEVICE_FAMILY = "1,2";
			};
			name = Debug;
		};
		F93F7F2F2005AEC00076F7C2 /* Release */ = {
			isa = XCBuildConfiguration;
			buildSettings = {
				ASSETCATALOG_COMPILER_APPICON_NAME = AppIcon;
				CODE_SIGN_STYLE = Automatic;
				INFOPLIST_FILE = iosApp/Info.plist;
				LD_RUNPATH_SEARCH_PATHS = "$(inherited) @executable_path/Frameworks";
				PRODUCT_BUNDLE_IDENTIFIER = com.iOSQuiz.iosApp;
				PRODUCT_NAME = "$(TARGET_NAME)";
				SWIFT_VERSION = 4.0;
				TARGETED_DEVICE_FAMILY = "1,2";
			};
			name = Release;
		};
		F93F7F312005AEC00076F7C2 /* Debug */ = {
			isa = XCBuildConfiguration;
			buildSettings = {
				ALWAYS_EMBED_SWIFT_STANDARD_LIBRARIES = YES;
				BUNDLE_LOADER = "$(TEST_HOST)";
				CODE_SIGN_STYLE = Automatic;
				INFOPLIST_FILE = iosAppTests/Info.plist;
				LD_RUNPATH_SEARCH_PATHS = "$(inherited) @executable_path/Frameworks @loader_path/Frameworks";
				PRODUCT_BUNDLE_IDENTIFIER = com.iOSQuiz.iosAppTests;
				PRODUCT_NAME = "$(TARGET_NAME)";
				SWIFT_VERSION = 4.0;
				TARGETED_DEVICE_FAMILY = "1,2";
				TEST_HOST = "$(BUILT_PRODUCTS_DIR)/iosApp.app/iosApp";
			};
			name = Debug;
		};
		F93F7F322005AEC00076F7C2 /* Release */ = {
			isa = XCBuildConfiguration;
			buildSettings = {
				ALWAYS_EMBED_SWIFT_STANDARD_LIBRARIES = YES;
				BUNDLE_LOADER = "$(TEST_HOST)";
				CODE_SIGN_STYLE = Automatic;
				INFOPLIST_FILE = iosAppTests/Info.plist;
				LD_RUNPATH_SEARCH_PATHS = "$(inherited) @executable_path/Frameworks @loader_path/Frameworks";
				PRODUCT_BUNDLE_IDENTIFIER = com.iOSQuiz.iosAppTests;
				PRODUCT_NAME = "$(TARGET_NAME)";
				SWIFT_VERSION = 4.0;
				TARGETED_DEVICE_FAMILY = "1,2";
				TEST_HOST = "$(BUILT_PRODUCTS_DIR)/iosApp.app/iosApp";
			};
			name = Release;
		};
		F93F7F342005AEC00076F7C2 /* Debug */ = {
			isa = XCBuildConfiguration;
			buildSettings = {
				ALWAYS_EMBED_SWIFT_STANDARD_LIBRARIES = YES;
				CODE_SIGN_STYLE = Automatic;
				INFOPLIST_FILE = iosAppUITests/Info.plist;
				LD_RUNPATH_SEARCH_PATHS = "$(inherited) @executable_path/Frameworks @loader_path/Frameworks";
				PRODUCT_BUNDLE_IDENTIFIER = com.iOSQuiz.iosAppUITests;
				PRODUCT_NAME = "$(TARGET_NAME)";
				SWIFT_VERSION = 4.0;
				TARGETED_DEVICE_FAMILY = "1,2";
				TEST_TARGET_NAME = iosApp;
			};
			name = Debug;
		};
		F93F7F352005AEC00076F7C2 /* Release */ = {
			isa = XCBuildConfiguration;
			buildSettings = {
				ALWAYS_EMBED_SWIFT_STANDARD_LIBRARIES = YES;
				CODE_SIGN_STYLE = Automatic;
				INFOPLIST_FILE = iosAppUITests/Info.plist;
				LD_RUNPATH_SEARCH_PATHS = "$(inherited) @executable_path/Frameworks @loader_path/Frameworks";
				PRODUCT_BUNDLE_IDENTIFIER = com.iOSQuiz.iosAppUITests;
				PRODUCT_NAME = "$(TARGET_NAME)";
				SWIFT_VERSION = 4.0;
				TARGETED_DEVICE_FAMILY = "1,2";
				TEST_TARGET_NAME = iosApp;
			};
			name = Release;
		};
/* End XCBuildConfiguration section */

/* Begin XCConfigurationList section */
		F93F7F002005AEBF0076F7C2 /* Build configuration list for PBXProject "iosApp" */ = {
			isa = XCConfigurationList;
			buildConfigurations = (
				F93F7F2B2005AEC00076F7C2 /* Debug */,
				F93F7F2C2005AEC00076F7C2 /* Release */,
			);
			defaultConfigurationIsVisible = 0;
			defaultConfigurationName = Release;
		};
		F93F7F2D2005AEC00076F7C2 /* Build configuration list for PBXNativeTarget "iosApp" */ = {
			isa = XCConfigurationList;
			buildConfigurations = (
				F93F7F2E2005AEC00076F7C2 /* Debug */,
				F93F7F2F2005AEC00076F7C2 /* Release */,
			);
			defaultConfigurationIsVisible = 0;
			defaultConfigurationName = Release;
		};
		F93F7F302005AEC00076F7C2 /* Build configuration list for PBXNativeTarget "iosAppTests" */ = {
			isa = XCConfigurationList;
			buildConfigurations = (
				F93F7F312005AEC00076F7C2 /* Debug */,
				F93F7F322005AEC00076F7C2 /* Release */,
			);
			defaultConfigurationIsVisible = 0;
			defaultConfigurationName = Release;
		};
		F93F7F332005AEC00076F7C2 /* Build configuration list for PBXNativeTarget "iosAppUITests" */ = {
			isa = XCConfigurationList;
			buildConfigurations = (
				F93F7F342005AEC00076F7C2 /* Debug */,
				F93F7F352005AEC00076F7C2 /* Release */,
			);
			defaultConfigurationIsVisible = 0;
			defaultConfigurationName = Release;
		};
/* End XCConfigurationList section */
	};
	rootObject = F93F7EFD2005AEBF0076F7C2 /* Project object */;
}
